{
  "name": "hassweather-nua",
  "version": "3.1.0",
  "lockfileVersion": 3,
  "requires": true,
  "packages": {
    "": {
      "name": "hassweather-nua",
      "version": "3.1.0",
      "dependencies": {
        "@rebble/clay": "^1.0.8",
        "pebble-fctx": "^1.6.5"
      }
    },
    "node_modules/@rebble/clay": {
      "version": "1.0.10",
      "resolved": "https://registry.npmjs.org/@rebble/clay/-/clay-1.0.10.tgz",
      "integrity": "sha512-84EL9J6egrnWk/FzqCxRa9/vqO4fx7SBxdttthLEpBro+FVqUg+rMlqOzT8+zl4PkBQKAWdnqHwlHaS4heiXKg==",
      "license": "MIT"
    },
    "node_modules/pebble-fctx": {
      "version": "1.6.5",
      "resolved": "https://registry.npmjs.org/pebble-fctx/-/pebble-fctx-1.6.5.tgz",
      "integrity": "sha512-7anuUL2GTnlVbHE3eJgwElfDv3ltZIruSU1iB3FIo6xGX3cyxboOxtcRha8OM+xCOLm93xzqknNO8aP3vjhPiQ==",
      "license": "MIT",
      "dependencies": {
        "pebble-utf8": "^1.0.4"
      }
    },
    "node_modules/pebble-utf8": {
      "version": "1.0.4",
      "resolved": "https://registry.npmjs.org/pebble-utf8/-/pebble-utf8-1.0.4.tgz",
      "integrity": "sha512-DcDlpj6ptTqRgtTDsJD7xxtLBnlUbq1QzentUgDQQqS9c+C99J/VQ6jjDAECi+Sds6MOB4u6ghjogP3zIo46Rg==",
      "license": "MIT"
    }
  }
}
